
Microsoft Visual Studio Solution File, Format Version 12.00
# Visual Studio Version 17
VisualStudioVersion = 17.12.35527.113 d17.12
MinimumVisualStudioVersion = 10.0.40219.1
Project("{FAE04EC0-301F-11D3-BF4B-00C04F79EFBC}") = "AppMovilProyecto1", "AppMovilProyecto1.csproj", "{2DEB63D9-69DB-427C-8FF2-200E51622085}"
EndProject
Global
	GlobalSection(SolutionConfigurationPlatforms) = preSolution
		Debug|Any CPU = Debug|Any CPU
		Release|Any CPU = Release|Any CPU
	EndGlobalSection
	GlobalSection(ProjectConfigurationPlatforms) = postSolution
		{2DEB63D9-69DB-427C-8FF2-200E51622085}.Debug|Any CPU.ActiveCfg = Debug|Any CPU
		{2DEB63D9-69DB-427C-8FF2-200E51622085}.Debug|Any CPU.Build.0 = Debug|Any CPU
		{2DEB63D9-69DB-427C-8FF2-200E51622085}.Release|Any CPU.ActiveCfg = Release|Any CPU
		{2DEB63D9-69DB-427C-8FF2-200E51622085}.Release|Any CPU.Build.0 = Release|Any CPU
	EndGlobalSection
	GlobalSection(SolutionProperties) = preSolution
		HideSolutionNode = FALSE
	EndGlobalSection
EndGlobal
